// !$*UTF8*$!
{
	archiveVersion = 1;
	classes = {
	};
	objectVersion = 46;
	objects = {

/* Begin PBXBuildFile section */
		39102BD41A48A12600A4B20C /* greenline_b_aboveground_route.csv in Resources */ = {isa = PBXBuildFile; fileRef = 39102BD31A48A12600A4B20C /* greenline_b_aboveground_route.csv */; };
		39933FEF1A462597008E701A /* AppDelegate.swift in Sources */ = {isa = PBXBuildFile; fileRef = 39933FEE1A462597008E701A /* AppDelegate.swift */; };
		39933FF41A462597008E701A /* Main.storyboard in Resources */ = {isa = PBXBuildFile; fileRef = 39933FF21A462597008E701A /* Main.storyboard */; };
		39933FF61A462597008E701A /* Images.xcassets in Resources */ = {isa = PBXBuildFile; fileRef = 39933FF51A462597008E701A /* Images.xcassets */; };
		39933FF91A462597008E701A /* LaunchScreen.xib in Resources */ = {isa = PBXBuildFile; fileRef = 39933FF71A462597008E701A /* LaunchScreen.xib */; };
		399340051A462598008E701A /* GreenTTests.swift in Sources */ = {isa = PBXBuildFile; fileRef = 399340041A462598008E701A /* GreenTTests.swift */; };
		3993400F1A4627A5008E701A /* MapKit.framework in Frameworks */ = {isa = PBXBuildFile; fileRef = 3993400E1A4627A5008E701A /* MapKit.framework */; };
		399340141A4644C8008E701A /* MapController.swift in Sources */ = {isa = PBXBuildFile; fileRef = 399340131A4644C8008E701A /* MapController.swift */; };
		399340181A464E19008E701A /* MbtaApi.swift in Sources */ = {isa = PBXBuildFile; fileRef = 399340171A464E19008E701A /* MbtaApi.swift */; };
/* End PBXBuildFile section */

/* Begin PBXContainerItemProxy section */
		39933FFF1A462598008E701A /* PBXContainerItemProxy */ = {
			isa = PBXContainerItemProxy;
			containerPortal = 39933FE11A462597008E701A /* Project object */;
			proxyType = 1;
			remoteGlobalIDString = 39933FE81A462597008E701A;
			remoteInfo = GreenT;
		};
/* End PBXContainerItemProxy section */

/* Begin PBXFileReference section */
		39102BD31A48A12600A4B20C /* greenline_b_aboveground_route.csv */ = {isa = PBXFileReference; fileEncoding = 4; lastKnownFileType = text; path = greenline_b_aboveground_route.csv; sourceTree = "<group>"; };
		39933FE91A462597008E701A /* GreenT.app */ = {isa = PBXFileReference; explicitFileType = wrapper.application; includeInIndex = 0; path = GreenT.app; sourceTree = BUILT_PRODUCTS_DIR; };
		39933FED1A462597008E701A /* Info.plist */ = {isa = PBXFileReference; lastKnownFileType = text.plist.xml; path = Info.plist; sourceTree = "<group>"; };
		39933FEE1A462597008E701A /* AppDelegate.swift */ = {isa = PBXFileReference; lastKnownFileType = sourcecode.swift; path = AppDelegate.swift; sourceTree = "<group>"; };
		39933FF31A462597008E701A /* Base */ = {isa = PBXFileReference; lastKnownFileType = file.storyboard; name = Base; path = Base.lproj/Main.storyboard; sourceTree = "<group>"; };
		39933FF51A462597008E701A /* Images.xcassets */ = {isa = PBXFileReference; lastKnownFileType = folder.assetcatalog; path = Images.xcassets; sourceTree = "<group>"; };
		39933FF81A462597008E701A /* Base */ = {isa = PBXFileReference; lastKnownFileType = file.xib; name = Base; path = Base.lproj/LaunchScreen.xib; sourceTree = "<group>"; };
		39933FFE1A462598008E701A /* GreenTTests.xctest */ = {isa = PBXFileReference; explicitFileType = wrapper.cfbundle; includeInIndex = 0; path = GreenTTests.xctest; sourceTree = BUILT_PRODUCTS_DIR; };
		399340031A462598008E701A /* Info.plist */ = {isa = PBXFileReference; lastKnownFileType = text.plist.xml; path = Info.plist; sourceTree = "<group>"; };
		399340041A462598008E701A /* GreenTTests.swift */ = {isa = PBXFileReference; lastKnownFileType = sourcecode.swift; path = GreenTTests.swift; sourceTree = "<group>"; };
		3993400E1A4627A5008E701A /* MapKit.framework */ = {isa = PBXFileReference; lastKnownFileType = wrapper.framework; name = MapKit.framework; path = System/Library/Frameworks/MapKit.framework; sourceTree = SDKROOT; };
		399340131A4644C8008E701A /* MapController.swift */ = {isa = PBXFileReference; fileEncoding = 4; lastKnownFileType = sourcecode.swift; path = MapController.swift; sourceTree = "<group>"; };
		399340171A464E19008E701A /* MbtaApi.swift */ = {isa = PBXFileReference; fileEncoding = 4; lastKnownFileType = sourcecode.swift; path = MbtaApi.swift; sourceTree = "<group>"; };
/* End PBXFileReference section */

/* Begin PBXFrameworksBuildPhase section */
		39933FE61A462597008E701A /* Frameworks */ = {
			isa = PBXFrameworksBuildPhase;
			buildActionMask = 2147483647;
			files = (
				3993400F1A4627A5008E701A /* MapKit.framework in Frameworks */,
			);
			runOnlyForDeploymentPostprocessing = 0;
		};
		39933FFB1A462598008E701A /* Frameworks */ = {
			isa = PBXFrameworksBuildPhase;
			buildActionMask = 2147483647;
			files = (
			);
			runOnlyForDeploymentPostprocessing = 0;
		};
/* End PBXFrameworksBuildPhase section */

/* Begin PBXGroup section */
		39102BD21A48A11000A4B20C /* Resources */ = {
			isa = PBXGroup;
			children = (
				39933FF51A462597008E701A /* Images.xcassets */,
				39102BD31A48A12600A4B20C /* greenline_b_aboveground_route.csv */,
			);
			name = Resources;
			sourceTree = "<group>";
		};
		39933FE01A462597008E701A = {
			isa = PBXGroup;
			children = (
				39933FEB1A462597008E701A /* GreenT */,
				399340011A462598008E701A /* GreenTTests */,
				39933FEA1A462597008E701A /* Products */,
				3993400E1A4627A5008E701A /* MapKit.framework */,
			);
			sourceTree = "<group>";
		};
		39933FEA1A462597008E701A /* Products */ = {
			isa = PBXGroup;
			children = (
				39933FE91A462597008E701A /* GreenT.app */,
				39933FFE1A462598008E701A /* GreenTTests.xctest */,
			);
			name = Products;
			sourceTree = "<group>";
		};
		39933FEB1A462597008E701A /* GreenT */ = {
			isa = PBXGroup;
			children = (
				399340151A4644FF008E701A /* App */,
				399340161A464D82008E701A /* MBTA API */,
				399340121A46446B008E701A /* Controllers & views */,
				39102BD21A48A11000A4B20C /* Resources */,
				39933FEC1A462597008E701A /* Supporting Files */,
			);
			path = GreenT;
			sourceTree = "<group>";
		};
		39933FEC1A462597008E701A /* Supporting Files */ = {
			isa = PBXGroup;
			children = (
				39933FF71A462597008E701A /* LaunchScreen.xib */,
				39933FED1A462597008E701A /* Info.plist */,
			);
			name = "Supporting Files";
			sourceTree = "<group>";
		};
		399340011A462598008E701A /* GreenTTests */ = {
			isa = PBXGroup;
			children = (
				399340041A462598008E701A /* GreenTTests.swift */,
				399340021A462598008E701A /* Supporting Files */,
			);
			path = GreenTTests;
			sourceTree = "<group>";
		};
		399340021A462598008E701A /* Supporting Files */ = {
			isa = PBXGroup;
			children = (
				399340031A462598008E701A /* Info.plist */,
			);
			name = "Supporting Files";
			sourceTree = "<group>";
		};
		399340121A46446B008E701A /* Controllers & views */ = {
			isa = PBXGroup;
			children = (
				39933FF21A462597008E701A /* Main.storyboard */,
				399340131A4644C8008E701A /* MapController.swift */,
			);
			name = "Controllers & views";
			sourceTree = "<group>";
		};
		399340151A4644FF008E701A /* App */ = {
			isa = PBXGroup;
			children = (
				39933FEE1A462597008E701A /* AppDelegate.swift */,
			);
			name = App;
			sourceTree = "<group>";
		};
		399340161A464D82008E701A /* MBTA API */ = {
			isa = PBXGroup;
			children = (
				399340171A464E19008E701A /* MbtaApi.swift */,
			);
			name = "MBTA API";
			sourceTree = "<group>";
		};
/* End PBXGroup section */

/* Begin PBXNativeTarget section */
		39933FE81A462597008E701A /* GreenT */ = {
			isa = PBXNativeTarget;
			buildConfigurationList = 399340081A462598008E701A /* Build configuration list for PBXNativeTarget "GreenT" */;
			buildPhases = (
				39933FE51A462597008E701A /* Sources */,
				39933FE61A462597008E701A /* Frameworks */,
				39933FE71A462597008E701A /* Resources */,
			);
			buildRules = (
			);
			dependencies = (
			);
			name = GreenT;
			productName = GreenT;
			productReference = 39933FE91A462597008E701A /* GreenT.app */;
			productType = "com.apple.product-type.application";
		};
		39933FFD1A462598008E701A /* GreenTTests */ = {
			isa = PBXNativeTarget;
			buildConfigurationList = 3993400B1A462598008E701A /* Build configuration list for PBXNativeTarget "GreenTTests" */;
			buildPhases = (
				39933FFA1A462598008E701A /* Sources */,
				39933FFB1A462598008E701A /* Frameworks */,
				39933FFC1A462598008E701A /* Resources */,
			);
			buildRules = (
			);
			dependencies = (
				399340001A462598008E701A /* PBXTargetDependency */,
			);
			name = GreenTTests;
			productName = GreenTTests;
			productReference = 39933FFE1A462598008E701A /* GreenTTests.xctest */;
			productType = "com.apple.product-type.bundle.unit-test";
		};
/* End PBXNativeTarget section */

/* Begin PBXProject section */
		39933FE11A462597008E701A /* Project object */ = {
			isa = PBXProject;
			attributes = {
				LastUpgradeCheck = 0610;
				ORGANIZATIONNAME = "Robot Pie";
				TargetAttributes = {
					39933FE81A462597008E701A = {
						CreatedOnToolsVersion = 6.1.1;
						SystemCapabilities = {
							com.apple.Maps.iOS = {
								enabled = 1;
							};
						};
					};
					39933FFD1A462598008E701A = {
						CreatedOnToolsVersion = 6.1.1;
						TestTargetID = 39933FE81A462597008E701A;
					};
				};
			};
			buildConfigurationList = 39933FE41A462597008E701A /* Build configuration list for PBXProject "GreenT" */;
			compatibilityVersion = "Xcode 3.2";
			developmentRegion = English;
			hasScannedForEncodings = 0;
			knownRegions = (
				en,
				Base,
			);
			mainGroup = 39933FE01A462597008E701A;
			productRefGroup = 39933FEA1A462597008E701A /* Products */;
			projectDirPath = "";
			projectRoot = "";
			targets = (
				39933FE81A462597008E701A /* GreenT */,
				39933FFD1A462598008E701A /* GreenTTests */,
			);
		};
/* End PBXProject section */

/* Begin PBXResourcesBuildPhase section */
		39933FE71A462597008E701A /* Resources */ = {
			isa = PBXResourcesBuildPhase;
			buildActionMask = 2147483647;
			files = (
				39933FF41A462597008E701A /* Main.storyboard in Resources */,
				39933FF91A462597008E701A /* LaunchScreen.xib in Resources */,
				39102BD41A48A12600A4B20C /* greenline_b_aboveground_route.csv in Resources */,
				39933FF61A462597008E701A /* Images.xcassets in Resources */,
			);
			runOnlyForDeploymentPostprocessing = 0;
		};
		39933FFC1A462598008E701A /* Resources */ = {
			isa = PBXResourcesBuildPhase;
			buildActionMask = 2147483647;
			files = (
			);
			runOnlyForDeploymentPostprocessing = 0;
		};
/* End PBXResourcesBuildPhase section */

/* Begin PBXSourcesBuildPhase section */
		39933FE51A462597008E701A /* Sources */ = {
			isa = PBXSourcesBuildPhase;
			buildActionMask = 2147483647;
			files = (
				399340181A464E19008E701A /* MbtaApi.swift in Sources */,
				399340141A4644C8008E701A /* MapController.swift in Sources */,
				39933FEF1A462597008E701A /* AppDelegate.swift in Sources */,
			);
			runOnlyForDeploymentPostprocessing = 0;
		};
		39933FFA1A462598008E701A /* Sources */ = {
			isa = PBXSourcesBuildPhase;
			buildActionMask = 2147483647;
			files = (
				399340051A462598008E701A /* GreenTTests.swift in Sources */,
			);
			runOnlyForDeploymentPostprocessing = 0;
		};
/* End PBXSourcesBuildPhase section */

/* Begin PBXTargetDependency section */
		399340001A462598008E701A /* PBXTargetDependency */ = {
			isa = PBXTargetDependency;
			target = 39933FE81A462597008E701A /* GreenT */;
			targetProxy = 39933FFF1A462598008E701A /* PBXContainerItemProxy */;
		};
/* End PBXTargetDependency section */

/* Begin PBXVariantGroup section */
		39933FF21A462597008E701A /* Main.storyboard */ = {
			isa = PBXVariantGroup;
			children = (
				39933FF31A462597008E701A /* Base */,
			);
			name = Main.storyboard;
			sourceTree = "<group>";
		};
		39933FF71A462597008E701A /* LaunchScreen.xib */ = {
			isa = PBXVariantGroup;
			children = (
				39933FF81A462597008E701A /* Base */,
			);
			name = LaunchScreen.xib;
			sourceTree = "<group>";
		};
/* End PBXVariantGroup section */

/* Begin XCBuildConfiguration section */
		399340061A462598008E701A /* Debug */ = {
			isa = XCBuildConfiguration;
			buildSettings = {
				ALWAYS_SEARCH_USER_PATHS = NO;
				CLANG_CXX_LANGUAGE_STANDARD = "gnu++0x";
				CLANG_CXX_LIBRARY = "libc++";
				CLANG_ENABLE_MODULES = YES;
				CLANG_ENABLE_OBJC_ARC = YES;
				CLANG_WARN_BOOL_CONVERSION = YES;
				CLANG_WARN_CONSTANT_CONVERSION = YES;
				CLANG_WARN_DIRECT_OBJC_ISA_USAGE = YES_ERROR;
				CLANG_WARN_EMPTY_BODY = YES;
				CLANG_WARN_ENUM_CONVERSION = YES;
				CLANG_WARN_INT_CONVERSION = YES;
				CLANG_WARN_OBJC_ROOT_CLASS = YES_ERROR;
				CLANG_WARN_UNREACHABLE_CODE = YES;
				CLANG_WARN__DUPLICATE_METHOD_MATCH = YES;
				"CODE_SIGN_IDENTITY[sdk=iphoneos*]" = "iPhone Developer";
				COPY_PHASE_STRIP = NO;
				ENABLE_STRICT_OBJC_MSGSEND = YES;
				GCC_C_LANGUAGE_STANDARD = gnu99;
				GCC_DYNAMIC_NO_PIC = NO;
				GCC_OPTIMIZATION_LEVEL = 0;
				GCC_PREPROCESSOR_DEFINITIONS = (
					"DEBUG=1",
					"$(inherited)",
				);
				GCC_SYMBOLS_PRIVATE_EXTERN = NO;
				GCC_WARN_64_TO_32_BIT_CONVERSION = YES;
				GCC_WARN_ABOUT_RETURN_TYPE = YES_ERROR;
				GCC_WARN_UNDECLARED_SELECTOR = YES;
				GCC_WARN_UNINITIALIZED_AUTOS = YES_AGGRESSIVE;
				GCC_WARN_UNUSED_FUNCTION = YES;
				GCC_WARN_UNUSED_VARIABLE = YES;
				IPHONEOS_DEPLOYMENT_TARGET = 8.1;
				MTL_ENABLE_DEBUG_INFO = YES;
				ONLY_ACTIVE_ARCH = YES;
				SDKROOT = iphoneos;
				SWIFT_OPTIMIZATION_LEVEL = "-Onone";
			};
			name = Debug;
		};
		399340071A462598008E701A /* Release */ = {
			isa = XCBuildConfiguration;
			buildSettings = {
				ALWAYS_SEARCH_USER_PATHS = NO;
				CLANG_CXX_LANGUAGE_STANDARD = "gnu++0x";
				CLANG_CXX_LIBRARY = "libc++";
				CLANG_ENABLE_MODULES = YES;
				CLANG_ENABLE_OBJC_ARC = YES;
				CLANG_WARN_BOOL_CONVERSION = YES;
				CLANG_WARN_CONSTANT_CONVERSION = YES;
				CLANG_WARN_DIRECT_OBJC_ISA_USAGE = YES_ERROR;
				CLANG_WARN_EMPTY_BODY = YES;
				CLANG_WARN_ENUM_CONVERSION = YES;
				CLANG_WARN_INT_CONVERSION = YES;
				CLANG_WARN_OBJC_ROOT_CLASS = YES_ERROR;
				CLANG_WARN_UNREACHABLE_CODE = YES;
				CLANG_WARN__DUPLICATE_METHOD_MATCH = YES;
				"CODE_SIGN_IDENTITY[sdk=iphoneos*]" = "iPhone Developer";
				COPY_PHASE_STRIP = YES;
				ENABLE_NS_ASSERTIONS = NO;
				ENABLE_STRICT_OBJC_MSGSEND = YES;
				GCC_C_LANGUAGE_STANDARD = gnu99;
				GCC_WARN_64_TO_32_BIT_CONVERSION = YES;
				GCC_WARN_ABOUT_RETURN_TYPE = YES_ERROR;
				GCC_WARN_UNDECLARED_SELECTOR = YES;
				GCC_WARN_UNINITIALIZED_AUTOS = YES_AGGRESSIVE;
				GCC_WARN_UNUSED_FUNCTION = YES;
				GCC_WARN_UNUSED_VARIABLE = YES;
				IPHONEOS_DEPLOYMENT_TARGET = 8.1;
				MTL_ENABLE_DEBUG_INFO = NO;
				SDKROOT = iphoneos;
				VALIDATE_PRODUCT = YES;
			};
			name = Release;
		};
		399340091A462598008E701A /* Debug */ = {
			isa = XCBuildConfiguration;
			buildSettings = {
				ASSETCATALOG_COMPILER_APPICON_NAME = AppIcon;
				INFOPLIST_FILE = GreenT/Info.plist;
				LD_RUNPATH_SEARCH_PATHS = "$(inherited) @executable_path/Frameworks";
				PRODUCT_NAME = "$(TARGET_NAME)";
			};
			name = Debug;
		};
		3993400A1A462598008E701A /* Release */ = {
			isa = XCBuildConfiguration;
			buildSettings = {
				ASSETCATALOG_COMPILER_APPICON_NAME = AppIcon;
				INFOPLIST_FILE = GreenT/Info.plist;
				LD_RUNPATH_SEARCH_PATHS = "$(inherited) @executable_path/Frameworks";
				PRODUCT_NAME = "$(TARGET_NAME)";
			};
			name = Release;
		};
		3993400C1A462598008E701A /* Debug */ = {
			isa = XCBuildConfiguration;
			buildSettings = {
				BUNDLE_LOADER = "$(TEST_HOST)";
				FRAMEWORK_SEARCH_PATHS = (
					"$(SDKROOT)/Developer/Library/Frameworks",
					"$(inherited)",
				);
				GCC_PREPROCESSOR_DEFINITIONS = (
					"DEBUG=1",
					"$(inherited)",
				);
				INFOPLIST_FILE = GreenTTests/Info.plist;
				LD_RUNPATH_SEARCH_PATHS = "$(inherited) @executable_path/Frameworks @loader_path/Frameworks";
				PRODUCT_NAME = "$(TARGET_NAME)";
				TEST_HOST = "$(BUILT_PRODUCTS_DIR)/GreenT.app/GreenT";
			};
			name = Debug;
		};
		3993400D1A462598008E701A /* Release */ = {
			isa = XCBuildConfiguration;
			buildSettings = {
				BUNDLE_LOADER = "$(TEST_HOST)";
				FRAMEWORK_SEARCH_PATHS = (
					"$(SDKROOT)/Developer/Library/Frameworks",
					"$(inherited)",
				);
				INFOPLIST_FILE = GreenTTests/Info.plist;
				LD_RUNPATH_SEARCH_PATHS = "$(inherited) @executable_path/Frameworks @loader_path/Frameworks";
				PRODUCT_NAME = "$(TARGET_NAME)";
				TEST_HOST = "$(BUILT_PRODUCTS_DIR)/GreenT.app/GreenT";
			};
			name = Release;
		};
/* End XCBuildConfiguration section */

/* Begin XCConfigurationList section */
		39933FE41A462597008E701A /* Build configuration list for PBXProject "GreenT" */ = {
			isa = XCConfigurationList;
			buildConfigurations = (
				399340061A462598008E701A /* Debug */,
				399340071A462598008E701A /* Release */,
			);
			defaultConfigurationIsVisible = 0;
			defaultConfigurationName = Release;
		};
		399340081A462598008E701A /* Build configuration list for PBXNativeTarget "GreenT" */ = {
			isa = XCConfigurationList;
			buildConfigurations = (
				399340091A462598008E701A /* Debug */,
				3993400A1A462598008E701A /* Release */,
			);
			defaultConfigurationIsVisible = 0;
			defaultConfigurationName = Release;
		};
		3993400B1A462598008E701A /* Build configuration list for PBXNativeTarget "GreenTTests" */ = {
			isa = XCConfigurationList;
			buildConfigurations = (
				3993400C1A462598008E701A /* Debug */,
				3993400D1A462598008E701A /* Release */,
			);
			defaultConfigurationIsVisible = 0;
			defaultConfigurationName = Release;
		};
/* End XCConfigurationList section */
	};
	rootObject = 39933FE11A462597008E701A /* Project object */;
}
